
Microsoft Visual Studio Solution File, Format Version 12.00
# Visual Studio Version 17
VisualStudioVersion = 17.1.32328.378
MinimumVisualStudioVersion = 10.0.40219.1
Project("{FAE04EC0-301F-11D3-BF4B-00C04F79EFBC}") = "CadCaminhoes.MVC", "CadCaminhoes.MVC\CadCaminhoes.MVC.csproj", "{0CF8AD4A-B0D1-497F-9BFF-EB3776FFBF51}"
EndProject
Project("{FAE04EC0-301F-11D3-BF4B-00C04F79EFBC}") = "CadCaminhoes.Testes", "CadCaminhoes.Testes\CadCaminhoes.Testes.csproj", "{A79DA2AF-2EB0-4149-B5FC-BE85BB1F4A73}"
EndProject
Global
	GlobalSection(SolutionConfigurationPlatforms) = preSolution
		Debug|Any CPU = Debug|Any CPU
		Release|Any CPU = Release|Any CPU
	EndGlobalSection
	GlobalSection(ProjectConfigurationPlatforms) = postSolution
		{0CF8AD4A-B0D1-497F-9BFF-EB3776FFBF51}.Debug|Any CPU.ActiveCfg = Debug|Any CPU
		{0CF8AD4A-B0D1-497F-9BFF-EB3776FFBF51}.Debug|Any CPU.Build.0 = Debug|Any CPU
		{0CF8AD4A-B0D1-497F-9BFF-EB3776FFBF51}.Release|Any CPU.ActiveCfg = Release|Any CPU
		{0CF8AD4A-B0D1-497F-9BFF-EB3776FFBF51}.Release|Any CPU.Build.0 = Release|Any CPU
		{A79DA2AF-2EB0-4149-B5FC-BE85BB1F4A73}.Debug|Any CPU.ActiveCfg = Debug|Any CPU
		{A79DA2AF-2EB0-4149-B5FC-BE85BB1F4A73}.Debug|Any CPU.Build.0 = Debug|Any CPU
		{A79DA2AF-2EB0-4149-B5FC-BE85BB1F4A73}.Release|Any CPU.ActiveCfg = Release|Any CPU
		{A79DA2AF-2EB0-4149-B5FC-BE85BB1F4A73}.Release|Any CPU.Build.0 = Release|Any CPU
	EndGlobalSection
	GlobalSection(SolutionProperties) = preSolution
		HideSolutionNode = FALSE
	EndGlobalSection
	GlobalSection(ExtensibilityGlobals) = postSolution
		SolutionGuid = {A5A4394E-4557-43C3-BCFF-0E7FC3780689}
	EndGlobalSection
EndGlobal
